{
  "name": "@maze/viewer-top",
  "version": "0.1.0",
  "lockfileVersion": 1,
  "requires": true,
  "dependencies": {
    "@maze/fn-utils": {
      "version": "file:../fn-utils"
    },
    "@maze/maze": {
      "version": "file:../maze",
      "requires": {
        "@maze/fn-utils": "file:../fn-utils"
      },
      "dependencies": {
        "@maze/fn-utils": {
          "version": "file:../fn-utils"
        }
      }
    }
  }
}
