{
  "name": "@maze/website",
  "version": "0.1.0",
  "lockfileVersion": 1,
  "requires": true,
  "dependencies": {
    "@maze/maze": {
      "version": "file:../maze",
      "requires": {
        "@maze/fn-utils": "file:../fn-utils"
      },
      "dependencies": {
        "@maze/fn-utils": {
          "version": "file:../fn-utils"
        }
      }
    },
    "@maze/viewer-top": {
      "version": "file:../maze-viewer-top",
      "requires": {
        "@maze/maze": "file:../maze"
      },
      "dependencies": {
        "@maze/maze": {
          "version": "file:../maze",
          "requires": {
            "@maze/fn-utils": "file:../fn-utils"
          },
          "dependencies": {
            "@maze/fn-utils": {
              "version": "file:../fn-utils"
            }
          }
        }
      }
    }
  }
}
